// !$*UTF8*$!
{
	archiveVersion = 1;
	classes = {
	};
	objectVersion = 56;
	objects = {

/* Begin PBXBuildFile section */
		236ECFDE29C9EBB400BD47B4 /* AppDelegate.swift in Sources */ = {isa = PBXBuildFile; fileRef = 236ECFDD29C9EBB400BD47B4 /* AppDelegate.swift */; };
		236ECFE029C9EBB400BD47B4 /* SceneDelegate.swift in Sources */ = {isa = PBXBuildFile; fileRef = 236ECFDF29C9EBB400BD47B4 /* SceneDelegate.swift */; };
		236ECFE229C9EBB400BD47B4 /* ViewController.swift in Sources */ = {isa = PBXBuildFile; fileRef = 236ECFE129C9EBB400BD47B4 /* ViewController.swift */; };
		236ECFE529C9EBB400BD47B4 /* Main.storyboard in Resources */ = {isa = PBXBuildFile; fileRef = 236ECFE329C9EBB400BD47B4 /* Main.storyboard */; };
		236ECFE729C9EBB600BD47B4 /* Assets.xcassets in Resources */ = {isa = PBXBuildFile; fileRef = 236ECFE629C9EBB600BD47B4 /* Assets.xcassets */; };
		236ECFEA29C9EBB600BD47B4 /* LaunchScreen.storyboard in Resources */ = {isa = PBXBuildFile; fileRef = 236ECFE829C9EBB600BD47B4 /* LaunchScreen.storyboard */; };
		236ECFF229C9EBD200BD47B4 /* FlowerClassifier.mlmodel in Sources */ = {isa = PBXBuildFile; fileRef = 236ECFF129C9EBD200BD47B4 /* FlowerClassifier.mlmodel */; };
		31B81849ACC2C9A9F2CA179A /* Pods_What_Flower.framework in Frameworks */ = {isa = PBXBuildFile; fileRef = 0BF3E8478A4858F01D231975 /* Pods_What_Flower.framework */; };
/* End PBXBuildFile section */

/* Begin PBXFileReference section */
		0BF3E8478A4858F01D231975 /* Pods_What_Flower.framework */ = {isa = PBXFileReference; explicitFileType = wrapper.framework; includeInIndex = 0; path = Pods_What_Flower.framework; sourceTree = BUILT_PRODUCTS_DIR; };
		15EAC6CCF525743F4E572273 /* Pods-What Flower.release.xcconfig */ = {isa = PBXFileReference; includeInIndex = 1; lastKnownFileType = text.xcconfig; name = "Pods-What Flower.release.xcconfig"; path = "Target Support Files/Pods-What Flower/Pods-What Flower.release.xcconfig"; sourceTree = "<group>"; };
		236ECFDA29C9EBB400BD47B4 /* What Flower.app */ = {isa = PBXFileReference; explicitFileType = wrapper.application; includeInIndex = 0; path = "What Flower.app"; sourceTree = BUILT_PRODUCTS_DIR; };
		236ECFDD29C9EBB400BD47B4 /* AppDelegate.swift */ = {isa = PBXFileReference; lastKnownFileType = sourcecode.swift; path = AppDelegate.swift; sourceTree = "<group>"; };
		236ECFDF29C9EBB400BD47B4 /* SceneDelegate.swift */ = {isa = PBXFileReference; lastKnownFileType = sourcecode.swift; path = SceneDelegate.swift; sourceTree = "<group>"; };
		236ECFE129C9EBB400BD47B4 /* ViewController.swift */ = {isa = PBXFileReference; lastKnownFileType = sourcecode.swift; path = ViewController.swift; sourceTree = "<group>"; };
		236ECFE429C9EBB400BD47B4 /* Base */ = {isa = PBXFileReference; lastKnownFileType = file.storyboard; name = Base; path = Base.lproj/Main.storyboard; sourceTree = "<group>"; };
		236ECFE629C9EBB600BD47B4 /* Assets.xcassets */ = {isa = PBXFileReference; lastKnownFileType = folder.assetcatalog; path = Assets.xcassets; sourceTree = "<group>"; };
		236ECFE929C9EBB600BD47B4 /* Base */ = {isa = PBXFileReference; lastKnownFileType = file.storyboard; name = Base; path = Base.lproj/LaunchScreen.storyboard; sourceTree = "<group>"; };
		236ECFEB29C9EBB600BD47B4 /* Info.plist */ = {isa = PBXFileReference; lastKnownFileType = text.plist.xml; path = Info.plist; sourceTree = "<group>"; };
		236ECFF129C9EBD200BD47B4 /* FlowerClassifier.mlmodel */ = {isa = PBXFileReference; lastKnownFileType = file.mlmodel; path = FlowerClassifier.mlmodel; sourceTree = "<group>"; };
		C4AEB1AC272EFE9F14C0138C /* Pods-What Flower.debug.xcconfig */ = {isa = PBXFileReference; includeInIndex = 1; lastKnownFileType = text.xcconfig; name = "Pods-What Flower.debug.xcconfig"; path = "Target Support Files/Pods-What Flower/Pods-What Flower.debug.xcconfig"; sourceTree = "<group>"; };
/* End PBXFileReference section */

/* Begin PBXFrameworksBuildPhase section */
		236ECFD729C9EBB400BD47B4 /* Frameworks */ = {
			isa = PBXFrameworksBuildPhase;
			buildActionMask = 2147483647;
			files = (
				31B81849ACC2C9A9F2CA179A /* Pods_What_Flower.framework in Frameworks */,
			);
			runOnlyForDeploymentPostprocessing = 0;
		};
/* End PBXFrameworksBuildPhase section */

/* Begin PBXGroup section */
		236ECFD129C9EBB400BD47B4 = {
			isa = PBXGroup;
			children = (
				236ECFDC29C9EBB400BD47B4 /* What Flower */,
				236ECFDB29C9EBB400BD47B4 /* Products */,
				3ED32C3C041E06FD5B1D77F8 /* Pods */,
				4AB82DEBD55CD6009BA7A9CD /* Frameworks */,
			);
			sourceTree = "<group>";
		};
		236ECFDB29C9EBB400BD47B4 /* Products */ = {
			isa = PBXGroup;
			children = (
				236ECFDA29C9EBB400BD47B4 /* What Flower.app */,
			);
			name = Products;
			sourceTree = "<group>";
		};
		236ECFDC29C9EBB400BD47B4 /* What Flower */ = {
			isa = PBXGroup;
			children = (
				236ECFDD29C9EBB400BD47B4 /* AppDelegate.swift */,
				236ECFDF29C9EBB400BD47B4 /* SceneDelegate.swift */,
				236ECFE129C9EBB400BD47B4 /* ViewController.swift */,
				236ECFE329C9EBB400BD47B4 /* Main.storyboard */,
				236ECFF129C9EBD200BD47B4 /* FlowerClassifier.mlmodel */,
				236ECFE629C9EBB600BD47B4 /* Assets.xcassets */,
				236ECFE829C9EBB600BD47B4 /* LaunchScreen.storyboard */,
				236ECFEB29C9EBB600BD47B4 /* Info.plist */,
			);
			path = "What Flower";
			sourceTree = "<group>";
		};
		3ED32C3C041E06FD5B1D77F8 /* Pods */ = {
			isa = PBXGroup;
			children = (
				C4AEB1AC272EFE9F14C0138C /* Pods-What Flower.debug.xcconfig */,
				15EAC6CCF525743F4E572273 /* Pods-What Flower.release.xcconfig */,
			);
			name = Pods;
			path = Pods;
			sourceTree = "<group>";
		};
		4AB82DEBD55CD6009BA7A9CD /* Frameworks */ = {
			isa = PBXGroup;
			children = (
				0BF3E8478A4858F01D231975 /* Pods_What_Flower.framework */,
			);
			name = Frameworks;
			sourceTree = "<group>";
		};
/* End PBXGroup section */

/* Begin PBXNativeTarget section */
		236ECFD929C9EBB400BD47B4 /* What Flower */ = {
			isa = PBXNativeTarget;
			buildConfigurationList = 236ECFEE29C9EBB600BD47B4 /* Build configuration list for PBXNativeTarget "What Flower" */;
			buildPhases = (
				E3951916DA460064B7100FA0 /* [CP] Check Pods Manifest.lock */,
				236ECFD629C9EBB400BD47B4 /* Sources */,
				236ECFD729C9EBB400BD47B4 /* Frameworks */,
				236ECFD829C9EBB400BD47B4 /* Resources */,
				801B085B82329F7197EF1814 /* [CP] Embed Pods Frameworks */,
			);
			buildRules = (
			);
			dependencies = (
			);
			name = "What Flower";
			productName = "What Flower";
			productReference = 236ECFDA29C9EBB400BD47B4 /* What Flower.app */;
			productType = "com.apple.product-type.application";
		};
/* End PBXNativeTarget section */

/* Begin PBXProject section */
		236ECFD229C9EBB400BD47B4 /* Project object */ = {
			isa = PBXProject;
			attributes = {
				BuildIndependentTargetsInParallel = 1;
				LastSwiftUpdateCheck = 1420;
				LastUpgradeCheck = 1420;
				TargetAttributes = {
					236ECFD929C9EBB400BD47B4 = {
						CreatedOnToolsVersion = 14.2;
					};
				};
			};
			buildConfigurationList = 236ECFD529C9EBB400BD47B4 /* Build configuration list for PBXProject "What Flower" */;
			compatibilityVersion = "Xcode 14.0";
			developmentRegion = en;
			hasScannedForEncodings = 0;
			knownRegions = (
				en,
				Base,
			);
			mainGroup = 236ECFD129C9EBB400BD47B4;
			productRefGroup = 236ECFDB29C9EBB400BD47B4 /* Products */;
			projectDirPath = "";
			projectRoot = "";
			targets = (
				236ECFD929C9EBB400BD47B4 /* What Flower */,
			);
		};
/* End PBXProject section */

/* Begin PBXResourcesBuildPhase section */
		236ECFD829C9EBB400BD47B4 /* Resources */ = {
			isa = PBXResourcesBuildPhase;
			buildActionMask = 2147483647;
			files = (
				236ECFEA29C9EBB600BD47B4 /* LaunchScreen.storyboard in Resources */,
				236ECFE729C9EBB600BD47B4 /* Assets.xcassets in Resources */,
				236ECFE529C9EBB400BD47B4 /* Main.storyboard in Resources */,
			);
			runOnlyForDeploymentPostprocessing = 0;
		};
/* End PBXResourcesBuildPhase section */

/* Begin PBXShellScriptBuildPhase section */
		801B085B82329F7197EF1814 /* [CP] Embed Pods Frameworks */ = {
			isa = PBXShellScriptBuildPhase;
			buildActionMask = 2147483647;
			files = (
			);
			inputFileListPaths = (
				"${PODS_ROOT}/Target Support Files/Pods-What Flower/Pods-What Flower-frameworks-${CONFIGURATION}-input-files.xcfilelist",
			);
			name = "[CP] Embed Pods Frameworks";
			outputFileListPaths = (
				"${PODS_ROOT}/Target Support Files/Pods-What Flower/Pods-What Flower-frameworks-${CONFIGURATION}-output-files.xcfilelist",
			);
			runOnlyForDeploymentPostprocessing = 0;
			shellPath = /bin/sh;
			shellScript = "\"${PODS_ROOT}/Target Support Files/Pods-What Flower/Pods-What Flower-frameworks.sh\"\n";
			showEnvVarsInLog = 0;
		};
		E3951916DA460064B7100FA0 /* [CP] Check Pods Manifest.lock */ = {
			isa = PBXShellScriptBuildPhase;
			buildActionMask = 2147483647;
			files = (
			);
			inputFileListPaths = (
			);
			inputPaths = (
				"${PODS_PODFILE_DIR_PATH}/Podfile.lock",
				"${PODS_ROOT}/Manifest.lock",
			);
			name = "[CP] Check Pods Manifest.lock";
			outputFileListPaths = (
			);
			outputPaths = (
				"$(DERIVED_FILE_DIR)/Pods-What Flower-checkManifestLockResult.txt",
			);
			runOnlyForDeploymentPostprocessing = 0;
			shellPath = /bin/sh;
			shellScript = "diff \"${PODS_PODFILE_DIR_PATH}/Podfile.lock\" \"${PODS_ROOT}/Manifest.lock\" > /dev/null\nif [ $? != 0 ] ; then\n    # print error to STDERR\n    echo \"error: The sandbox is not in sync with the Podfile.lock. Run 'pod install' or update your CocoaPods installation.\" >&2\n    exit 1\nfi\n# This output is used by Xcode 'outputs' to avoid re-running this script phase.\necho \"SUCCESS\" > \"${SCRIPT_OUTPUT_FILE_0}\"\n";
			showEnvVarsInLog = 0;
		};
/* End PBXShellScriptBuildPhase section */

/* Begin PBXSourcesBuildPhase section */
		236ECFD629C9EBB400BD47B4 /* Sources */ = {
			isa = PBXSourcesBuildPhase;
			buildActionMask = 2147483647;
			files = (
				236ECFF229C9EBD200BD47B4 /* FlowerClassifier.mlmodel in Sources */,
				236ECFE229C9EBB400BD47B4 /* ViewController.swift in Sources */,
				236ECFDE29C9EBB400BD47B4 /* AppDelegate.swift in Sources */,
				236ECFE029C9EBB400BD47B4 /* SceneDelegate.swift in Sources */,
			);
			runOnlyForDeploymentPostprocessing = 0;
		};
/* End PBXSourcesBuildPhase section */

/* Begin PBXVariantGroup section */
		236ECFE329C9EBB400BD47B4 /* Main.storyboard */ = {
			isa = PBXVariantGroup;
			children = (
				236ECFE429C9EBB400BD47B4 /* Base */,
			);
			name = Main.storyboard;
			sourceTree = "<group>";
		};
		236ECFE829C9EBB600BD47B4 /* LaunchScreen.storyboard */ = {
			isa = PBXVariantGroup;
			children = (
				236ECFE929C9EBB600BD47B4 /* Base */,
			);
			name = LaunchScreen.storyboard;
			sourceTree = "<group>";
		};
/* End PBXVariantGroup section */

/* Begin XCBuildConfiguration section */
		236ECFEC29C9EBB600BD47B4 /* Debug */ = {
			isa = XCBuildConfiguration;
			buildSettings = {
				ALWAYS_SEARCH_USER_PATHS = NO;
				CLANG_ANALYZER_NONNULL = YES;
				CLANG_ANALYZER_NUMBER_OBJECT_CONVERSION = YES_AGGRESSIVE;
				CLANG_CXX_LANGUAGE_STANDARD = "gnu++20";
				CLANG_ENABLE_MODULES = YES;
				CLANG_ENABLE_OBJC_ARC = YES;
				CLANG_ENABLE_OBJC_WEAK = YES;
				CLANG_WARN_BLOCK_CAPTURE_AUTORELEASING = YES;
				CLANG_WARN_BOOL_CONVERSION = YES;
				CLANG_WARN_COMMA = YES;
				CLANG_WARN_CONSTANT_CONVERSION = YES;
				CLANG_WARN_DEPRECATED_OBJC_IMPLEMENTATIONS = YES;
				CLANG_WARN_DIRECT_OBJC_ISA_USAGE = YES_ERROR;
				CLANG_WARN_DOCUMENTATION_COMMENTS = YES;
				CLANG_WARN_EMPTY_BODY = YES;
				CLANG_WARN_ENUM_CONVERSION = YES;
				CLANG_WARN_INFINITE_RECURSION = YES;
				CLANG_WARN_INT_CONVERSION = YES;
				CLANG_WARN_NON_LITERAL_NULL_CONVERSION = YES;
				CLANG_WARN_OBJC_IMPLICIT_RETAIN_SELF = YES;
				CLANG_WARN_OBJC_LITERAL_CONVERSION = YES;
				CLANG_WARN_OBJC_ROOT_CLASS = YES_ERROR;
				CLANG_WARN_QUOTED_INCLUDE_IN_FRAMEWORK_HEADER = YES;
				CLANG_WARN_RANGE_LOOP_ANALYSIS = YES;
				CLANG_WARN_STRICT_PROTOTYPES = YES;
				CLANG_WARN_SUSPICIOUS_MOVE = YES;
				CLANG_WARN_UNGUARDED_AVAILABILITY = YES_AGGRESSIVE;
				CLANG_WARN_UNREACHABLE_CODE = YES;
				CLANG_WARN__DUPLICATE_METHOD_MATCH = YES;
				COPY_PHASE_STRIP = NO;
				DEBUG_INFORMATION_FORMAT = dwarf;
				ENABLE_STRICT_OBJC_MSGSEND = YES;
				ENABLE_TESTABILITY = YES;
				GCC_C_LANGUAGE_STANDARD = gnu11;
				GCC_DYNAMIC_NO_PIC = NO;
				GCC_NO_COMMON_BLOCKS = YES;
				GCC_OPTIMIZATION_LEVEL = 0;
				GCC_PREPROCESSOR_DEFINITIONS = (
					"DEBUG=1",
					"$(inherited)",
				);
				GCC_WARN_64_TO_32_BIT_CONVERSION = YES;
				GCC_WARN_ABOUT_RETURN_TYPE = YES_ERROR;
				GCC_WARN_UNDECLARED_SELECTOR = YES;
				GCC_WARN_UNINITIALIZED_AUTOS = YES_AGGRESSIVE;
				GCC_WARN_UNUSED_FUNCTION = YES;
				GCC_WARN_UNUSED_VARIABLE = YES;
				IPHONEOS_DEPLOYMENT_TARGET = 16.2;
				MTL_ENABLE_DEBUG_INFO = INCLUDE_SOURCE;
				MTL_FAST_MATH = YES;
				ONLY_ACTIVE_ARCH = YES;
				SDKROOT = iphoneos;
				SWIFT_ACTIVE_COMPILATION_CONDITIONS = DEBUG;
				SWIFT_OPTIMIZATION_LEVEL = "-Onone";
			};
			name = Debug;
		};
		236ECFED29C9EBB600BD47B4 /* Release */ = {
			isa = XCBuildConfiguration;
			buildSettings = {
				ALWAYS_SEARCH_USER_PATHS = NO;
				CLANG_ANALYZER_NONNULL = YES;
				CLANG_ANALYZER_NUMBER_OBJECT_CONVERSION = YES_AGGRESSIVE;
				CLANG_CXX_LANGUAGE_STANDARD = "gnu++20";
				CLANG_ENABLE_MODULES = YES;
				CLANG_ENABLE_OBJC_ARC = YES;
				CLANG_ENABLE_OBJC_WEAK = YES;
				CLANG_WARN_BLOCK_CAPTURE_AUTORELEASING = YES;
				CLANG_WARN_BOOL_CONVERSION = YES;
				CLANG_WARN_COMMA = YES;
				CLANG_WARN_CONSTANT_CONVERSION = YES;
				CLANG_WARN_DEPRECATED_OBJC_IMPLEMENTATIONS = YES;
				CLANG_WARN_DIRECT_OBJC_ISA_USAGE = YES_ERROR;
				CLANG_WARN_DOCUMENTATION_COMMENTS = YES;
				CLANG_WARN_EMPTY_BODY = YES;
				CLANG_WARN_ENUM_CONVERSION = YES;
				CLANG_WARN_INFINITE_RECURSION = YES;
				CLANG_WARN_INT_CONVERSION = YES;
				CLANG_WARN_NON_LITERAL_NULL_CONVERSION = YES;
				CLANG_WARN_OBJC_IMPLICIT_RETAIN_SELF = YES;
				CLANG_WARN_OBJC_LITERAL_CONVERSION = YES;
				CLANG_WARN_OBJC_ROOT_CLASS = YES_ERROR;
				CLANG_WARN_QUOTED_INCLUDE_IN_FRAMEWORK_HEADER = YES;
				CLANG_WARN_RANGE_LOOP_ANALYSIS = YES;
				CLANG_WARN_STRICT_PROTOTYPES = YES;
				CLANG_WARN_SUSPICIOUS_MOVE = YES;
				CLANG_WARN_UNGUARDED_AVAILABILITY = YES_AGGRESSIVE;
				CLANG_WARN_UNREACHABLE_CODE = YES;
				CLANG_WARN__DUPLICATE_METHOD_MATCH = YES;
				COPY_PHASE_STRIP = NO;
				DEBUG_INFORMATION_FORMAT = "dwarf-with-dsym";
				ENABLE_NS_ASSERTIONS = NO;
				ENABLE_STRICT_OBJC_MSGSEND = YES;
				GCC_C_LANGUAGE_STANDARD = gnu11;
				GCC_NO_COMMON_BLOCKS = YES;
				GCC_WARN_64_TO_32_BIT_CONVERSION = YES;
				GCC_WARN_ABOUT_RETURN_TYPE = YES_ERROR;
				GCC_WARN_UNDECLARED_SELECTOR = YES;
				GCC_WARN_UNINITIALIZED_AUTOS = YES_AGGRESSIVE;
				GCC_WARN_UNUSED_FUNCTION = YES;
				GCC_WARN_UNUSED_VARIABLE = YES;
				IPHONEOS_DEPLOYMENT_TARGET = 16.2;
				MTL_ENABLE_DEBUG_INFO = NO;
				MTL_FAST_MATH = YES;
				SDKROOT = iphoneos;
				SWIFT_COMPILATION_MODE = wholemodule;
				SWIFT_OPTIMIZATION_LEVEL = "-O";
				VALIDATE_PRODUCT = YES;
			};
			name = Release;
		};
		236ECFEF29C9EBB600BD47B4 /* Debug */ = {
			isa = XCBuildConfiguration;
			baseConfigurationReference = C4AEB1AC272EFE9F14C0138C /* Pods-What Flower.debug.xcconfig */;
			buildSettings = {
				ASSETCATALOG_COMPILER_APPICON_NAME = AppIcon;
				ASSETCATALOG_COMPILER_GLOBAL_ACCENT_COLOR_NAME = AccentColor;
				CODE_SIGN_STYLE = Automatic;
				CURRENT_PROJECT_VERSION = 1;
				DEVELOPMENT_TEAM = J4ATCU9K89;
				GENERATE_INFOPLIST_FILE = YES;
				INFOPLIST_FILE = "What Flower/Info.plist";
				INFOPLIST_KEY_UIApplicationSupportsIndirectInputEvents = YES;
				INFOPLIST_KEY_UILaunchStoryboardName = LaunchScreen;
				INFOPLIST_KEY_UIMainStoryboardFile = Main;
				INFOPLIST_KEY_UISupportedInterfaceOrientations_iPad = "UIInterfaceOrientationPortrait UIInterfaceOrientationPortraitUpsideDown UIInterfaceOrientationLandscapeLeft UIInterfaceOrientationLandscapeRight";
				INFOPLIST_KEY_UISupportedInterfaceOrientations_iPhone = "UIInterfaceOrientationPortrait UIInterfaceOrientationLandscapeLeft UIInterfaceOrientationLandscapeRight";
				LD_RUNPATH_SEARCH_PATHS = (
					"$(inherited)",
					"@executable_path/Frameworks",
				);
				MARKETING_VERSION = 1.0;
				PRODUCT_BUNDLE_IDENTIFIER = "anurag.What-Flower";
				PRODUCT_NAME = "$(TARGET_NAME)";
				SWIFT_EMIT_LOC_STRINGS = YES;
				SWIFT_VERSION = 5.0;
				TARGETED_DEVICE_FAMILY = "1,2";
			};
			name = Debug;
		};
		236ECFF029C9EBB600BD47B4 /* Release */ = {
			isa = XCBuildConfiguration;
			baseConfigurationReference = 15EAC6CCF525743F4E572273 /* Pods-What Flower.release.xcconfig */;
			buildSettings = {
				ASSETCATALOG_COMPILER_APPICON_NAME = AppIcon;
				ASSETCATALOG_COMPILER_GLOBAL_ACCENT_COLOR_NAME = AccentColor;
				CODE_SIGN_STYLE = Automatic;
				CURRENT_PROJECT_VERSION = 1;
				DEVELOPMENT_TEAM = J4ATCU9K89;
				GENERATE_INFOPLIST_FILE = YES;
				INFOPLIST_FILE = "What Flower/Info.plist";
				INFOPLIST_KEY_UIApplicationSupportsIndirectInputEvents = YES;
				INFOPLIST_KEY_UILaunchStoryboardName = LaunchScreen;
				INFOPLIST_KEY_UIMainStoryboardFile = Main;
				INFOPLIST_KEY_UISupportedInterfaceOrientations_iPad = "UIInterfaceOrientationPortrait UIInterfaceOrientationPortraitUpsideDown UIInterfaceOrientationLandscapeLeft UIInterfaceOrientationLandscapeRight";
				INFOPLIST_KEY_UISupportedInterfaceOrientations_iPhone = "UIInterfaceOrientationPortrait UIInterfaceOrientationLandscapeLeft UIInterfaceOrientationLandscapeRight";
				LD_RUNPATH_SEARCH_PATHS = (
					"$(inherited)",
					"@executable_path/Frameworks",
				);
				MARKETING_VERSION = 1.0;
				PRODUCT_BUNDLE_IDENTIFIER = "anurag.What-Flower";
				PRODUCT_NAME = "$(TARGET_NAME)";
				SWIFT_EMIT_LOC_STRINGS = YES;
				SWIFT_VERSION = 5.0;
				TARGETED_DEVICE_FAMILY = "1,2";
			};
			name = Release;
		};
/* End XCBuildConfiguration section */

/* Begin XCConfigurationList section */
		236ECFD529C9EBB400BD47B4 /* Build configuration list for PBXProject "What Flower" */ = {
			isa = XCConfigurationList;
			buildConfigurations = (
				236ECFEC29C9EBB600BD47B4 /* Debug */,
				236ECFED29C9EBB600BD47B4 /* Release */,
			);
			defaultConfigurationIsVisible = 0;
			defaultConfigurationName = Release;
		};
		236ECFEE29C9EBB600BD47B4 /* Build configuration list for PBXNativeTarget "What Flower" */ = {
			isa = XCConfigurationList;
			buildConfigurations = (
				236ECFEF29C9EBB600BD47B4 /* Debug */,
				236ECFF029C9EBB600BD47B4 /* Release */,
			);
			defaultConfigurationIsVisible = 0;
			defaultConfigurationName = Release;
		};
/* End XCConfigurationList section */
	};
	rootObject = 236ECFD229C9EBB400BD47B4 /* Project object */;
}
